
Microsoft Visual Studio Solution File, Format Version 12.00
# Visual Studio Version 17
VisualStudioVersion = 17.3.32825.248
MinimumVisualStudioVersion = 10.0.40219.1
Project("{FAE04EC0-301F-11D3-BF4B-00C04F79EFBC}") = "CornHacks_Casino", "CornHacks_Casino\CornHacks_Casino.csproj", "{019C4724-244D-4AA9-9E5B-D00AF31305EE}"
EndProject
Global
	GlobalSection(SolutionConfigurationPlatforms) = preSolution
		Debug|Any CPU = Debug|Any CPU
		Release|Any CPU = Release|Any CPU
	EndGlobalSection
	GlobalSection(ProjectConfigurationPlatforms) = postSolution
		{019C4724-244D-4AA9-9E5B-D00AF31305EE}.Debug|Any CPU.ActiveCfg = Debug|Any CPU
		{019C4724-244D-4AA9-9E5B-D00AF31305EE}.Debug|Any CPU.Build.0 = Debug|Any CPU
		{019C4724-244D-4AA9-9E5B-D00AF31305EE}.Release|Any CPU.ActiveCfg = Release|Any CPU
		{019C4724-244D-4AA9-9E5B-D00AF31305EE}.Release|Any CPU.Build.0 = Release|Any CPU
	EndGlobalSection
	GlobalSection(SolutionProperties) = preSolution
		HideSolutionNode = FALSE
	EndGlobalSection
	GlobalSection(ExtensibilityGlobals) = postSolution
		SolutionGuid = {E38E8AB7-8A3F-45E5-87CD-9DF6AC0BD1DF}
	EndGlobalSection
EndGlobal
